
Microsoft Visual Studio Solution File, Format Version 12.00
# Visual Studio 15
VisualStudioVersion = 15.0.28307.902
MinimumVisualStudioVersion = 10.0.40219.1
Project("{FAE04EC0-301F-11D3-BF4B-00C04F79EFBC}") = "HRMMobile.Android", "HRMMobile\HRMMobile.Android\HRMMobile.Android.csproj", "{1ECCB2CC-40F9-4206-9231-8CDE6313D1FE}"
EndProject
Project("{FAE04EC0-301F-11D3-BF4B-00C04F79EFBC}") = "HRMMobile.iOS", "HRMMobile\HRMMobile.iOS\HRMMobile.iOS.csproj", "{2A3A1FC8-2C95-437E-A754-1EEF5314CC0F}"
EndProject
Project("{FAE04EC0-301F-11D3-BF4B-00C04F79EFBC}") = "HRMMobile.UWP", "HRMMobile\HRMMobile.UWP\HRMMobile.UWP.csproj", "{7BA39E60-5434-42B0-BC3A-6FFB204FB0E8}"
EndProject
Project("{D954291E-2A0B-460D-934E-DC6B0785DB48}") = "HRMMobile", "HRMMobile\HRMMobile\HRMMobile.shproj", "{827FB865-584B-4157-9961-A7D82DB2E1DF}"
EndProject
Global
	GlobalSection(SharedMSBuildProjectFiles) = preSolution
		HRMMobile\HRMMobile\HRMMobile.projitems*{1eccb2cc-40f9-4206-9231-8cde6313d1fe}*SharedItemsImports = 4
		HRMMobile\HRMMobile\HRMMobile.projitems*{2a3a1fc8-2c95-437e-a754-1eef5314cc0f}*SharedItemsImports = 4
		HRMMobile\HRMMobile\HRMMobile.projitems*{7ba39e60-5434-42b0-bc3a-6ffb204fb0e8}*SharedItemsImports = 4
		HRMMobile\HRMMobile\HRMMobile.projitems*{827fb865-584b-4157-9961-a7d82db2e1df}*SharedItemsImports = 13
	EndGlobalSection
	GlobalSection(SolutionConfigurationPlatforms) = preSolution
		Ad-Hoc|Any CPU = Ad-Hoc|Any CPU
		Ad-Hoc|ARM = Ad-Hoc|ARM
		Ad-Hoc|iPhone = Ad-Hoc|iPhone
		Ad-Hoc|iPhoneSimulator = Ad-Hoc|iPhoneSimulator
		Ad-Hoc|x64 = Ad-Hoc|x64
		Ad-Hoc|x86 = Ad-Hoc|x86
		AppStore|Any CPU = AppStore|Any CPU
		AppStore|ARM = AppStore|ARM
		AppStore|iPhone = AppStore|iPhone
		AppStore|iPhoneSimulator = AppStore|iPhoneSimulator
		AppStore|x64 = AppStore|x64
		AppStore|x86 = AppStore|x86
		Debug|Any CPU = Debug|Any CPU
		Debug|ARM = Debug|ARM
		Debug|iPhone = Debug|iPhone
		Debug|iPhoneSimulator = Debug|iPhoneSimulator
		Debug|x64 = Debug|x64
		Debug|x86 = Debug|x86
		Release|Any CPU = Release|Any CPU
		Release|ARM = Release|ARM
		Release|iPhone = Release|iPhone
		Release|iPhoneSimulator = Release|iPhoneSimulator
		Release|x64 = Release|x64
		Release|x86 = Release|x86
	EndGlobalSection
	GlobalSection(ProjectConfigurationPlatforms) = postSolution
		{1ECCB2CC-40F9-4206-9231-8CDE6313D1FE}.Ad-Hoc|Any CPU.ActiveCfg = Release|Any CPU
		{1ECCB2CC-40F9-4206-9231-8CDE6313D1FE}.Ad-Hoc|Any CPU.Build.0 = Release|Any CPU
		{1ECCB2CC-40F9-4206-9231-8CDE6313D1FE}.Ad-Hoc|Any CPU.Deploy.0 = Release|Any CPU
		{1ECCB2CC-40F9-4206-9231-8CDE6313D1FE}.Ad-Hoc|ARM.ActiveCfg = Release|Any CPU
		{1ECCB2CC-40F9-4206-9231-8CDE6313D1FE}.Ad-Hoc|ARM.Build.0 = Release|Any CPU
		{1ECCB2CC-40F9-4206-9231-8CDE6313D1FE}.Ad-Hoc|ARM.Deploy.0 = Release|Any CPU
		{1ECCB2CC-40F9-4206-9231-8CDE6313D1FE}.Ad-Hoc|iPhone.ActiveCfg = Release|Any CPU
		{1ECCB2CC-40F9-4206-9231-8CDE6313D1FE}.Ad-Hoc|iPhone.Build.0 = Release|Any CPU
		{1ECCB2CC-40F9-4206-9231-8CDE6313D1FE}.Ad-Hoc|iPhone.Deploy.0 = Release|Any CPU
		{1ECCB2CC-40F9-4206-9231-8CDE6313D1FE}.Ad-Hoc|iPhoneSimulator.ActiveCfg = Release|Any CPU
		{1ECCB2CC-40F9-4206-9231-8CDE6313D1FE}.Ad-Hoc|iPhoneSimulator.Build.0 = Release|Any CPU
		{1ECCB2CC-40F9-4206-9231-8CDE6313D1FE}.Ad-Hoc|iPhoneSimulator.Deploy.0 = Release|Any CPU
		{1ECCB2CC-40F9-4206-9231-8CDE6313D1FE}.Ad-Hoc|x64.ActiveCfg = Release|Any CPU
		{1ECCB2CC-40F9-4206-9231-8CDE6313D1FE}.Ad-Hoc|x64.Build.0 = Release|Any CPU
		{1ECCB2CC-40F9-4206-9231-8CDE6313D1FE}.Ad-Hoc|x64.Deploy.0 = Release|Any CPU
		{1ECCB2CC-40F9-4206-9231-8CDE6313D1FE}.Ad-Hoc|x86.ActiveCfg = Release|Any CPU
		{1ECCB2CC-40F9-4206-9231-8CDE6313D1FE}.Ad-Hoc|x86.Build.0 = Release|Any CPU
		{1ECCB2CC-40F9-4206-9231-8CDE6313D1FE}.Ad-Hoc|x86.Deploy.0 = Release|Any CPU
		{1ECCB2CC-40F9-4206-9231-8CDE6313D1FE}.AppStore|Any CPU.ActiveCfg = Release|Any CPU
		{1ECCB2CC-40F9-4206-9231-8CDE6313D1FE}.AppStore|Any CPU.Build.0 = Release|Any CPU
		{1ECCB2CC-40F9-4206-9231-8CDE6313D1FE}.AppStore|Any CPU.Deploy.0 = Release|Any CPU
		{1ECCB2CC-40F9-4206-9231-8CDE6313D1FE}.AppStore|ARM.ActiveCfg = Release|Any CPU
		{1ECCB2CC-40F9-4206-9231-8CDE6313D1FE}.AppStore|ARM.Build.0 = Release|Any CPU
		{1ECCB2CC-40F9-4206-9231-8CDE6313D1FE}.AppStore|ARM.Deploy.0 = Release|Any CPU
		{1ECCB2CC-40F9-4206-9231-8CDE6313D1FE}.AppStore|iPhone.ActiveCfg = Release|Any CPU
		{1ECCB2CC-40F9-4206-9231-8CDE6313D1FE}.AppStore|iPhone.Build.0 = Release|Any CPU
		{1ECCB2CC-40F9-4206-9231-8CDE6313D1FE}.AppStore|iPhone.Deploy.0 = Release|Any CPU
		{1ECCB2CC-40F9-4206-9231-8CDE6313D1FE}.AppStore|iPhoneSimulator.ActiveCfg = Release|Any CPU
		{1ECCB2CC-40F9-4206-9231-8CDE6313D1FE}.AppStore|iPhoneSimulator.Build.0 = Release|Any CPU
		{1ECCB2CC-40F9-4206-9231-8CDE6313D1FE}.AppStore|iPhoneSimulator.Deploy.0 = Release|Any CPU
		{1ECCB2CC-40F9-4206-9231-8CDE6313D1FE}.AppStore|x64.ActiveCfg = Release|Any CPU
		{1ECCB2CC-40F9-4206-9231-8CDE6313D1FE}.AppStore|x64.Build.0 = Release|Any CPU
		{1ECCB2CC-40F9-4206-9231-8CDE6313D1FE}.AppStore|x64.Deploy.0 = Release|Any CPU
		{1ECCB2CC-40F9-4206-9231-8CDE6313D1FE}.AppStore|x86.ActiveCfg = Release|Any CPU
		{1ECCB2CC-40F9-4206-9231-8CDE6313D1FE}.AppStore|x86.Build.0 = Release|Any CPU
		{1ECCB2CC-40F9-4206-9231-8CDE6313D1FE}.AppStore|x86.Deploy.0 = Release|Any CPU
		{1ECCB2CC-40F9-4206-9231-8CDE6313D1FE}.Debug|Any CPU.ActiveCfg = Debug|Any CPU
		{1ECCB2CC-40F9-4206-9231-8CDE6313D1FE}.Debug|Any CPU.Build.0 = Debug|Any CPU
		{1ECCB2CC-40F9-4206-9231-8CDE6313D1FE}.Debug|Any CPU.Deploy.0 = Debug|Any CPU
		{1ECCB2CC-40F9-4206-9231-8CDE6313D1FE}.Debug|ARM.ActiveCfg = Debug|Any CPU
		{1ECCB2CC-40F9-4206-9231-8CDE6313D1FE}.Debug|ARM.Build.0 = Debug|Any CPU
		{1ECCB2CC-40F9-4206-9231-8CDE6313D1FE}.Debug|ARM.Deploy.0 = Debug|Any CPU
		{1ECCB2CC-40F9-4206-9231-8CDE6313D1FE}.Debug|iPhone.ActiveCfg = Debug|Any CPU
		{1ECCB2CC-40F9-4206-9231-8CDE6313D1FE}.Debug|iPhone.Build.0 = Debug|Any CPU
		{1ECCB2CC-40F9-4206-9231-8CDE6313D1FE}.Debug|iPhone.Deploy.0 = Debug|Any CPU
		{1ECCB2CC-40F9-4206-9231-8CDE6313D1FE}.Debug|iPhoneSimulator.ActiveCfg = Debug|Any CPU
		{1ECCB2CC-40F9-4206-9231-8CDE6313D1FE}.Debug|iPhoneSimulator.Build.0 = Debug|Any CPU
		{1ECCB2CC-40F9-4206-9231-8CDE6313D1FE}.Debug|iPhoneSimulator.Deploy.0 = Debug|Any CPU
		{1ECCB2CC-40F9-4206-9231-8CDE6313D1FE}.Debug|x64.ActiveCfg = Debug|Any CPU
		{1ECCB2CC-40F9-4206-9231-8CDE6313D1FE}.Debug|x64.Build.0 = Debug|Any CPU
		{1ECCB2CC-40F9-4206-9231-8CDE6313D1FE}.Debug|x64.Deploy.0 = Debug|Any CPU
		{1ECCB2CC-40F9-4206-9231-8CDE6313D1FE}.Debug|x86.ActiveCfg = Debug|Any CPU
		{1ECCB2CC-40F9-4206-9231-8CDE6313D1FE}.Debug|x86.Build.0 = Debug|Any CPU
		{1ECCB2CC-40F9-4206-9231-8CDE6313D1FE}.Debug|x86.Deploy.0 = Debug|Any CPU
		{1ECCB2CC-40F9-4206-9231-8CDE6313D1FE}.Release|Any CPU.ActiveCfg = Release|Any CPU
		{1ECCB2CC-40F9-4206-9231-8CDE6313D1FE}.Release|Any CPU.Build.0 = Release|Any CPU
		{1ECCB2CC-40F9-4206-9231-8CDE6313D1FE}.Release|Any CPU.Deploy.0 = Release|Any CPU
		{1ECCB2CC-40F9-4206-9231-8CDE6313D1FE}.Release|ARM.ActiveCfg = Release|Any CPU
		{1ECCB2CC-40F9-4206-9231-8CDE6313D1FE}.Release|ARM.Build.0 = Release|Any CPU
		{1ECCB2CC-40F9-4206-9231-8CDE6313D1FE}.Release|ARM.Deploy.0 = Release|Any CPU
		{1ECCB2CC-40F9-4206-9231-8CDE6313D1FE}.Release|iPhone.ActiveCfg = Release|Any CPU
		{1ECCB2CC-40F9-4206-9231-8CDE6313D1FE}.Release|iPhone.Build.0 = Release|Any CPU
		{1ECCB2CC-40F9-4206-9231-8CDE6313D1FE}.Release|iPhone.Deploy.0 = Release|Any CPU
		{1ECCB2CC-40F9-4206-9231-8CDE6313D1FE}.Release|iPhoneSimulator.ActiveCfg = Release|Any CPU
		{1ECCB2CC-40F9-4206-9231-8CDE6313D1FE}.Release|iPhoneSimulator.Build.0 = Release|Any CPU
		{1ECCB2CC-40F9-4206-9231-8CDE6313D1FE}.Release|iPhoneSimulator.Deploy.0 = Release|Any CPU
		{1ECCB2CC-40F9-4206-9231-8CDE6313D1FE}.Release|x64.ActiveCfg = Release|Any CPU
		{1ECCB2CC-40F9-4206-9231-8CDE6313D1FE}.Release|x64.Build.0 = Release|Any CPU
		{1ECCB2CC-40F9-4206-9231-8CDE6313D1FE}.Release|x64.Deploy.0 = Release|Any CPU
		{1ECCB2CC-40F9-4206-9231-8CDE6313D1FE}.Release|x86.ActiveCfg = Release|Any CPU
		{1ECCB2CC-40F9-4206-9231-8CDE6313D1FE}.Release|x86.Build.0 = Release|Any CPU
		{1ECCB2CC-40F9-4206-9231-8CDE6313D1FE}.Release|x86.Deploy.0 = Release|Any CPU
		{2A3A1FC8-2C95-437E-A754-1EEF5314CC0F}.Ad-Hoc|Any CPU.ActiveCfg = Ad-Hoc|iPhone
		{2A3A1FC8-2C95-437E-A754-1EEF5314CC0F}.Ad-Hoc|Any CPU.Build.0 = Ad-Hoc|iPhone
		{2A3A1FC8-2C95-437E-A754-1EEF5314CC0F}.Ad-Hoc|Any CPU.Deploy.0 = Ad-Hoc|iPhone
		{2A3A1FC8-2C95-437E-A754-1EEF5314CC0F}.Ad-Hoc|ARM.ActiveCfg = Ad-Hoc|iPhone
		{2A3A1FC8-2C95-437E-A754-1EEF5314CC0F}.Ad-Hoc|ARM.Build.0 = Ad-Hoc|iPhone
		{2A3A1FC8-2C95-437E-A754-1EEF5314CC0F}.Ad-Hoc|ARM.Deploy.0 = Ad-Hoc|iPhone
		{2A3A1FC8-2C95-437E-A754-1EEF5314CC0F}.Ad-Hoc|iPhone.ActiveCfg = Ad-Hoc|iPhone
		{2A3A1FC8-2C95-437E-A754-1EEF5314CC0F}.Ad-Hoc|iPhone.Build.0 = Ad-Hoc|iPhone
		{2A3A1FC8-2C95-437E-A754-1EEF5314CC0F}.Ad-Hoc|iPhone.Deploy.0 = Ad-Hoc|iPhone
		{2A3A1FC8-2C95-437E-A754-1EEF5314CC0F}.Ad-Hoc|iPhoneSimulator.ActiveCfg = Ad-Hoc|iPhoneSimulator
		{2A3A1FC8-2C95-437E-A754-1EEF5314CC0F}.Ad-Hoc|iPhoneSimulator.Build.0 = Ad-Hoc|iPhoneSimulator
		{2A3A1FC8-2C95-437E-A754-1EEF5314CC0F}.Ad-Hoc|iPhoneSimulator.Deploy.0 = Ad-Hoc|iPhoneSimulator
		{2A3A1FC8-2C95-437E-A754-1EEF5314CC0F}.Ad-Hoc|x64.ActiveCfg = Ad-Hoc|iPhone
		{2A3A1FC8-2C95-437E-A754-1EEF5314CC0F}.Ad-Hoc|x64.Build.0 = Ad-Hoc|iPhone
		{2A3A1FC8-2C95-437E-A754-1EEF5314CC0F}.Ad-Hoc|x64.Deploy.0 = Ad-Hoc|iPhone
		{2A3A1FC8-2C95-437E-A754-1EEF5314CC0F}.Ad-Hoc|x86.ActiveCfg = Ad-Hoc|iPhone
		{2A3A1FC8-2C95-437E-A754-1EEF5314CC0F}.Ad-Hoc|x86.Build.0 = Ad-Hoc|iPhone
		{2A3A1FC8-2C95-437E-A754-1EEF5314CC0F}.Ad-Hoc|x86.Deploy.0 = Ad-Hoc|iPhone
		{2A3A1FC8-2C95-437E-A754-1EEF5314CC0F}.AppStore|Any CPU.ActiveCfg = AppStore|iPhone
		{2A3A1FC8-2C95-437E-A754-1EEF5314CC0F}.AppStore|Any CPU.Build.0 = AppStore|iPhone
		{2A3A1FC8-2C95-437E-A754-1EEF5314CC0F}.AppStore|Any CPU.Deploy.0 = AppStore|iPhone
		{2A3A1FC8-2C95-437E-A754-1EEF5314CC0F}.AppStore|ARM.ActiveCfg = AppStore|iPhone
		{2A3A1FC8-2C95-437E-A754-1EEF5314CC0F}.AppStore|ARM.Build.0 = AppStore|iPhone
		{2A3A1FC8-2C95-437E-A754-1EEF5314CC0F}.AppStore|ARM.Deploy.0 = AppStore|iPhone
		{2A3A1FC8-2C95-437E-A754-1EEF5314CC0F}.AppStore|iPhone.ActiveCfg = AppStore|iPhone
		{2A3A1FC8-2C95-437E-A754-1EEF5314CC0F}.AppStore|iPhone.Build.0 = AppStore|iPhone
		{2A3A1FC8-2C95-437E-A754-1EEF5314CC0F}.AppStore|iPhone.Deploy.0 = AppStore|iPhone
		{2A3A1FC8-2C95-437E-A754-1EEF5314CC0F}.AppStore|iPhoneSimulator.ActiveCfg = AppStore|iPhoneSimulator
		{2A3A1FC8-2C95-437E-A754-1EEF5314CC0F}.AppStore|iPhoneSimulator.Build.0 = AppStore|iPhoneSimulator
		{2A3A1FC8-2C95-437E-A754-1EEF5314CC0F}.AppStore|iPhoneSimulator.Deploy.0 = AppStore|iPhoneSimulator
		{2A3A1FC8-2C95-437E-A754-1EEF5314CC0F}.AppStore|x64.ActiveCfg = AppStore|iPhone
		{2A3A1FC8-2C95-437E-A754-1EEF5314CC0F}.AppStore|x64.Build.0 = AppStore|iPhone
		{2A3A1FC8-2C95-437E-A754-1EEF5314CC0F}.AppStore|x64.Deploy.0 = AppStore|iPhone
		{2A3A1FC8-2C95-437E-A754-1EEF5314CC0F}.AppStore|x86.ActiveCfg = AppStore|iPhone
		{2A3A1FC8-2C95-437E-A754-1EEF5314CC0F}.AppStore|x86.Build.0 = AppStore|iPhone
		{2A3A1FC8-2C95-437E-A754-1EEF5314CC0F}.AppStore|x86.Deploy.0 = AppStore|iPhone
		{2A3A1FC8-2C95-437E-A754-1EEF5314CC0F}.Debug|Any CPU.ActiveCfg = Debug|iPhoneSimulator
		{2A3A1FC8-2C95-437E-A754-1EEF5314CC0F}.Debug|Any CPU.Build.0 = Debug|iPhoneSimulator
		{2A3A1FC8-2C95-437E-A754-1EEF5314CC0F}.Debug|Any CPU.Deploy.0 = Debug|iPhoneSimulator
		{2A3A1FC8-2C95-437E-A754-1EEF5314CC0F}.Debug|ARM.ActiveCfg = Debug|iPhone
		{2A3A1FC8-2C95-437E-A754-1EEF5314CC0F}.Debug|ARM.Build.0 = Debug|iPhone
		{2A3A1FC8-2C95-437E-A754-1EEF5314CC0F}.Debug|ARM.Deploy.0 = Debug|iPhone
		{2A3A1FC8-2C95-437E-A754-1EEF5314CC0F}.Debug|iPhone.ActiveCfg = Debug|iPhone
		{2A3A1FC8-2C95-437E-A754-1EEF5314CC0F}.Debug|iPhone.Build.0 = Debug|iPhone
		{2A3A1FC8-2C95-437E-A754-1EEF5314CC0F}.Debug|iPhone.Deploy.0 = Debug|iPhone
		{2A3A1FC8-2C95-437E-A754-1EEF5314CC0F}.Debug|iPhoneSimulator.ActiveCfg = Debug|iPhoneSimulator
		{2A3A1FC8-2C95-437E-A754-1EEF5314CC0F}.Debug|iPhoneSimulator.Build.0 = Debug|iPhoneSimulator
		{2A3A1FC8-2C95-437E-A754-1EEF5314CC0F}.Debug|iPhoneSimulator.Deploy.0 = Debug|iPhoneSimulator
		{2A3A1FC8-2C95-437E-A754-1EEF5314CC0F}.Debug|x64.ActiveCfg = Debug|iPhone
		{2A3A1FC8-2C95-437E-A754-1EEF5314CC0F}.Debug|x64.Build.0 = Debug|iPhone
		{2A3A1FC8-2C95-437E-A754-1EEF5314CC0F}.Debug|x64.Deploy.0 = Debug|iPhone
		{2A3A1FC8-2C95-437E-A754-1EEF5314CC0F}.Debug|x86.ActiveCfg = Debug|iPhone
		{2A3A1FC8-2C95-437E-A754-1EEF5314CC0F}.Debug|x86.Build.0 = Debug|iPhone
		{2A3A1FC8-2C95-437E-A754-1EEF5314CC0F}.Debug|x86.Deploy.0 = Debug|iPhone
		{2A3A1FC8-2C95-437E-A754-1EEF5314CC0F}.Release|Any CPU.ActiveCfg = Release|iPhone
		{2A3A1FC8-2C95-437E-A754-1EEF5314CC0F}.Release|Any CPU.Build.0 = Release|iPhone
		{2A3A1FC8-2C95-437E-A754-1EEF5314CC0F}.Release|Any CPU.Deploy.0 = Release|iPhone
		{2A3A1FC8-2C95-437E-A754-1EEF5314CC0F}.Release|ARM.ActiveCfg = Release|iPhone
		{2A3A1FC8-2C95-437E-A754-1EEF5314CC0F}.Release|ARM.Build.0 = Release|iPhone
		{2A3A1FC8-2C95-437E-A754-1EEF5314CC0F}.Release|ARM.Deploy.0 = Release|iPhone
		{2A3A1FC8-2C95-437E-A754-1EEF5314CC0F}.Release|iPhone.ActiveCfg = Release|iPhone
		{2A3A1FC8-2C95-437E-A754-1EEF5314CC0F}.Release|iPhone.Build.0 = Release|iPhone
		{2A3A1FC8-2C95-437E-A754-1EEF5314CC0F}.Release|iPhone.Deploy.0 = Release|iPhone
		{2A3A1FC8-2C95-437E-A754-1EEF5314CC0F}.Release|iPhoneSimulator.ActiveCfg = Release|iPhoneSimulator
		{2A3A1FC8-2C95-437E-A754-1EEF5314CC0F}.Release|iPhoneSimulator.Build.0 = Release|iPhoneSimulator
		{2A3A1FC8-2C95-437E-A754-1EEF5314CC0F}.Release|iPhoneSimulator.Deploy.0 = Release|iPhoneSimulator
		{2A3A1FC8-2C95-437E-A754-1EEF5314CC0F}.Release|x64.ActiveCfg = Release|iPhone
		{2A3A1FC8-2C95-437E-A754-1EEF5314CC0F}.Release|x64.Build.0 = Release|iPhone
		{2A3A1FC8-2C95-437E-A754-1EEF5314CC0F}.Release|x64.Deploy.0 = Release|iPhone
		{2A3A1FC8-2C95-437E-A754-1EEF5314CC0F}.Release|x86.ActiveCfg = Release|iPhone
		{2A3A1FC8-2C95-437E-A754-1EEF5314CC0F}.Release|x86.Build.0 = Release|iPhone
		{2A3A1FC8-2C95-437E-A754-1EEF5314CC0F}.Release|x86.Deploy.0 = Release|iPhone
		{7BA39E60-5434-42B0-BC3A-6FFB204FB0E8}.Ad-Hoc|Any CPU.ActiveCfg = Release|x86
		{7BA39E60-5434-42B0-BC3A-6FFB204FB0E8}.Ad-Hoc|Any CPU.Build.0 = Release|x86
		{7BA39E60-5434-42B0-BC3A-6FFB204FB0E8}.Ad-Hoc|Any CPU.Deploy.0 = Release|x86
		{7BA39E60-5434-42B0-BC3A-6FFB204FB0E8}.Ad-Hoc|ARM.ActiveCfg = Release|ARM
		{7BA39E60-5434-42B0-BC3A-6FFB204FB0E8}.Ad-Hoc|ARM.Build.0 = Release|ARM
		{7BA39E60-5434-42B0-BC3A-6FFB204FB0E8}.Ad-Hoc|ARM.Deploy.0 = Release|ARM
		{7BA39E60-5434-42B0-BC3A-6FFB204FB0E8}.Ad-Hoc|iPhone.ActiveCfg = Release|x86
		{7BA39E60-5434-42B0-BC3A-6FFB204FB0E8}.Ad-Hoc|iPhone.Build.0 = Release|x86
		{7BA39E60-5434-42B0-BC3A-6FFB204FB0E8}.Ad-Hoc|iPhone.Deploy.0 = Release|x86
		{7BA39E60-5434-42B0-BC3A-6FFB204FB0E8}.Ad-Hoc|iPhoneSimulator.ActiveCfg = Release|x86
		{7BA39E60-5434-42B0-BC3A-6FFB204FB0E8}.Ad-Hoc|iPhoneSimulator.Build.0 = Release|x86
		{7BA39E60-5434-42B0-BC3A-6FFB204FB0E8}.Ad-Hoc|iPhoneSimulator.Deploy.0 = Release|x86
		{7BA39E60-5434-42B0-BC3A-6FFB204FB0E8}.Ad-Hoc|x64.ActiveCfg = Release|x64
		{7BA39E60-5434-42B0-BC3A-6FFB204FB0E8}.Ad-Hoc|x64.Build.0 = Release|x64
		{7BA39E60-5434-42B0-BC3A-6FFB204FB0E8}.Ad-Hoc|x64.Deploy.0 = Release|x64
		{7BA39E60-5434-42B0-BC3A-6FFB204FB0E8}.Ad-Hoc|x86.ActiveCfg = Release|x86
		{7BA39E60-5434-42B0-BC3A-6FFB204FB0E8}.Ad-Hoc|x86.Build.0 = Release|x86
		{7BA39E60-5434-42B0-BC3A-6FFB204FB0E8}.Ad-Hoc|x86.Deploy.0 = Release|x86
		{7BA39E60-5434-42B0-BC3A-6FFB204FB0E8}.AppStore|Any CPU.ActiveCfg = Release|x86
		{7BA39E60-5434-42B0-BC3A-6FFB204FB0E8}.AppStore|Any CPU.Build.0 = Release|x86
		{7BA39E60-5434-42B0-BC3A-6FFB204FB0E8}.AppStore|Any CPU.Deploy.0 = Release|x86
		{7BA39E60-5434-42B0-BC3A-6FFB204FB0E8}.AppStore|ARM.ActiveCfg = Release|ARM
		{7BA39E60-5434-42B0-BC3A-6FFB204FB0E8}.AppStore|ARM.Build.0 = Release|ARM
		{7BA39E60-5434-42B0-BC3A-6FFB204FB0E8}.AppStore|ARM.Deploy.0 = Release|ARM
		{7BA39E60-5434-42B0-BC3A-6FFB204FB0E8}.AppStore|iPhone.ActiveCfg = Release|x86
		{7BA39E60-5434-42B0-BC3A-6FFB204FB0E8}.AppStore|iPhone.Build.0 = Release|x86
		{7BA39E60-5434-42B0-BC3A-6FFB204FB0E8}.AppStore|iPhone.Deploy.0 = Release|x86
		{7BA39E60-5434-42B0-BC3A-6FFB204FB0E8}.AppStore|iPhoneSimulator.ActiveCfg = Release|x86
		{7BA39E60-5434-42B0-BC3A-6FFB204FB0E8}.AppStore|iPhoneSimulator.Build.0 = Release|x86
		{7BA39E60-5434-42B0-BC3A-6FFB204FB0E8}.AppStore|iPhoneSimulator.Deploy.0 = Release|x86
		{7BA39E60-5434-42B0-BC3A-6FFB204FB0E8}.AppStore|x64.ActiveCfg = Release|x64
		{7BA39E60-5434-42B0-BC3A-6FFB204FB0E8}.AppStore|x64.Build.0 = Release|x64
		{7BA39E60-5434-42B0-BC3A-6FFB204FB0E8}.AppStore|x64.Deploy.0 = Release|x64
		{7BA39E60-5434-42B0-BC3A-6FFB204FB0E8}.AppStore|x86.ActiveCfg = Release|x86
		{7BA39E60-5434-42B0-BC3A-6FFB204FB0E8}.AppStore|x86.Build.0 = Release|x86
		{7BA39E60-5434-42B0-BC3A-6FFB204FB0E8}.AppStore|x86.Deploy.0 = Release|x86
		{7BA39E60-5434-42B0-BC3A-6FFB204FB0E8}.Debug|Any CPU.ActiveCfg = Debug|x86
		{7BA39E60-5434-42B0-BC3A-6FFB204FB0E8}.Debug|Any CPU.Build.0 = Debug|x86
		{7BA39E60-5434-42B0-BC3A-6FFB204FB0E8}.Debug|Any CPU.Deploy.0 = Debug|x86
		{7BA39E60-5434-42B0-BC3A-6FFB204FB0E8}.Debug|ARM.ActiveCfg = Debug|ARM
		{7BA39E60-5434-42B0-BC3A-6FFB204FB0E8}.Debug|ARM.Build.0 = Debug|ARM
		{7BA39E60-5434-42B0-BC3A-6FFB204FB0E8}.Debug|ARM.Deploy.0 = Debug|ARM
		{7BA39E60-5434-42B0-BC3A-6FFB204FB0E8}.Debug|iPhone.ActiveCfg = Debug|x86
		{7BA39E60-5434-42B0-BC3A-6FFB204FB0E8}.Debug|iPhone.Build.0 = Debug|x86
		{7BA39E60-5434-42B0-BC3A-6FFB204FB0E8}.Debug|iPhone.Deploy.0 = Debug|x86
		{7BA39E60-5434-42B0-BC3A-6FFB204FB0E8}.Debug|iPhoneSimulator.ActiveCfg = Debug|x86
		{7BA39E60-5434-42B0-BC3A-6FFB204FB0E8}.Debug|iPhoneSimulator.Build.0 = Debug|x86
		{7BA39E60-5434-42B0-BC3A-6FFB204FB0E8}.Debug|iPhoneSimulator.Deploy.0 = Debug|x86
		{7BA39E60-5434-42B0-BC3A-6FFB204FB0E8}.Debug|x64.ActiveCfg = Debug|x64
		{7BA39E60-5434-42B0-BC3A-6FFB204FB0E8}.Debug|x64.Build.0 = Debug|x64
		{7BA39E60-5434-42B0-BC3A-6FFB204FB0E8}.Debug|x64.Deploy.0 = Debug|x64
		{7BA39E60-5434-42B0-BC3A-6FFB204FB0E8}.Debug|x86.ActiveCfg = Debug|x86
		{7BA39E60-5434-42B0-BC3A-6FFB204FB0E8}.Debug|x86.Build.0 = Debug|x86
		{7BA39E60-5434-42B0-BC3A-6FFB204FB0E8}.Debug|x86.Deploy.0 = Debug|x86
		{7BA39E60-5434-42B0-BC3A-6FFB204FB0E8}.Release|Any CPU.ActiveCfg = Release|x86
		{7BA39E60-5434-42B0-BC3A-6FFB204FB0E8}.Release|Any CPU.Build.0 = Release|x86
		{7BA39E60-5434-42B0-BC3A-6FFB204FB0E8}.Release|Any CPU.Deploy.0 = Release|x86
		{7BA39E60-5434-42B0-BC3A-6FFB204FB0E8}.Release|ARM.ActiveCfg = Release|ARM
		{7BA39E60-5434-42B0-BC3A-6FFB204FB0E8}.Release|ARM.Build.0 = Release|ARM
		{7BA39E60-5434-42B0-BC3A-6FFB204FB0E8}.Release|ARM.Deploy.0 = Release|ARM
		{7BA39E60-5434-42B0-BC3A-6FFB204FB0E8}.Release|iPhone.ActiveCfg = Release|x86
		{7BA39E60-5434-42B0-BC3A-6FFB204FB0E8}.Release|iPhone.Build.0 = Release|x86
		{7BA39E60-5434-42B0-BC3A-6FFB204FB0E8}.Release|iPhone.Deploy.0 = Release|x86
		{7BA39E60-5434-42B0-BC3A-6FFB204FB0E8}.Release|iPhoneSimulator.ActiveCfg = Release|x86
		{7BA39E60-5434-42B0-BC3A-6FFB204FB0E8}.Release|iPhoneSimulator.Build.0 = Release|x86
		{7BA39E60-5434-42B0-BC3A-6FFB204FB0E8}.Release|iPhoneSimulator.Deploy.0 = Release|x86
		{7BA39E60-5434-42B0-BC3A-6FFB204FB0E8}.Release|x64.ActiveCfg = Release|x64
		{7BA39E60-5434-42B0-BC3A-6FFB204FB0E8}.Release|x64.Build.0 = Release|x64
		{7BA39E60-5434-42B0-BC3A-6FFB204FB0E8}.Release|x64.Deploy.0 = Release|x64
		{7BA39E60-5434-42B0-BC3A-6FFB204FB0E8}.Release|x86.ActiveCfg = Release|x86
		{7BA39E60-5434-42B0-BC3A-6FFB204FB0E8}.Release|x86.Build.0 = Release|x86
		{7BA39E60-5434-42B0-BC3A-6FFB204FB0E8}.Release|x86.Deploy.0 = Release|x86
	EndGlobalSection
	GlobalSection(SolutionProperties) = preSolution
		HideSolutionNode = FALSE
	EndGlobalSection
	GlobalSection(ExtensibilityGlobals) = postSolution
		SolutionGuid = {C9F907E1-1B91-42D8-8C1A-249389D58B32}
	EndGlobalSection
EndGlobal
